// !$*UTF8*$!
{
	archiveVersion = 1;
	classes = {
	};
	objectVersion = 50;
	objects = {

/* Begin PBXBuildFile section */
		4E540A392613CF8A0054CF63 /* ModelData.swift in Sources */ = {isa = PBXBuildFile; fileRef = 4E540A382613CF8A0054CF63 /* ModelData.swift */; };
		4E540A3C2613FBFD0054CF63 /* ImageView.swift in Sources */ = {isa = PBXBuildFile; fileRef = 4E540A3B2613FBFD0054CF63 /* ImageView.swift */; };
		4E7833BC25FAA329002E0E4E /* CantinaApp.swift in Sources */ = {isa = PBXBuildFile; fileRef = 4E7833BB25FAA329002E0E4E /* CantinaApp.swift */; };
		4E7833BE25FAA329002E0E4E /* ContentView.swift in Sources */ = {isa = PBXBuildFile; fileRef = 4E7833BD25FAA329002E0E4E /* ContentView.swift */; };
		4E7833C025FAA32A002E0E4E /* Assets.xcassets in Resources */ = {isa = PBXBuildFile; fileRef = 4E7833BF25FAA32A002E0E4E /* Assets.xcassets */; };
		4E7833C325FAA32A002E0E4E /* Preview Assets.xcassets in Resources */ = {isa = PBXBuildFile; fileRef = 4E7833C225FAA32A002E0E4E /* Preview Assets.xcassets */; };
		4E8C648126129E35008DB114 /* Cocktail.swift in Sources */ = {isa = PBXBuildFile; fileRef = 4E8C648026129E35008DB114 /* Cocktail.swift */; };
		4ED7E3DC261CD30600C8C9A3 /* FavoriteButton.swift in Sources */ = {isa = PBXBuildFile; fileRef = 4ED7E3DB261CD30600C8C9A3 /* FavoriteButton.swift */; };
		4ED7E3E1261CD72B00C8C9A3 /* CocktailRow.swift in Sources */ = {isa = PBXBuildFile; fileRef = 4ED7E3E0261CD72B00C8C9A3 /* CocktailRow.swift */; };
		4EF468E826169135007CCA93 /* CocktailsView.swift in Sources */ = {isa = PBXBuildFile; fileRef = 4EF468E726169135007CCA93 /* CocktailsView.swift */; };
		4EF468EB26169243007CCA93 /* FavoritesView.swift in Sources */ = {isa = PBXBuildFile; fileRef = 4EF468EA26169243007CCA93 /* FavoritesView.swift */; };
		600B8EEF261E743F0000C9FF /* CocktailDetailsView.swift in Sources */ = {isa = PBXBuildFile; fileRef = 600B8EEE261E743F0000C9FF /* CocktailDetailsView.swift */; };
		6041CA78261671010054BA37 /* LaunchScreen.storyboard in Resources */ = {isa = PBXBuildFile; fileRef = 6041CA77261671010054BA37 /* LaunchScreen.storyboard */; };
		608EA6E62620C93700B9DBEB /* CocktailGridItem.swift in Sources */ = {isa = PBXBuildFile; fileRef = 608EA6E52620C93700B9DBEB /* CocktailGridItem.swift */; };
/* End PBXBuildFile section */

/* Begin PBXFileReference section */
		4E540A382613CF8A0054CF63 /* ModelData.swift */ = {isa = PBXFileReference; lastKnownFileType = sourcecode.swift; path = ModelData.swift; sourceTree = "<group>"; };
		4E540A3B2613FBFD0054CF63 /* ImageView.swift */ = {isa = PBXFileReference; lastKnownFileType = sourcecode.swift; path = ImageView.swift; sourceTree = "<group>"; };
		4E7833B825FAA329002E0E4E /* Cantina.app */ = {isa = PBXFileReference; explicitFileType = wrapper.application; includeInIndex = 0; path = Cantina.app; sourceTree = BUILT_PRODUCTS_DIR; };
		4E7833BB25FAA329002E0E4E /* CantinaApp.swift */ = {isa = PBXFileReference; lastKnownFileType = sourcecode.swift; path = CantinaApp.swift; sourceTree = "<group>"; };
		4E7833BD25FAA329002E0E4E /* ContentView.swift */ = {isa = PBXFileReference; lastKnownFileType = sourcecode.swift; path = ContentView.swift; sourceTree = "<group>"; };
		4E7833BF25FAA32A002E0E4E /* Assets.xcassets */ = {isa = PBXFileReference; lastKnownFileType = folder.assetcatalog; path = Assets.xcassets; sourceTree = "<group>"; };
		4E7833C225FAA32A002E0E4E /* Preview Assets.xcassets */ = {isa = PBXFileReference; lastKnownFileType = folder.assetcatalog; path = "Preview Assets.xcassets"; sourceTree = "<group>"; };
		4E7833C425FAA32A002E0E4E /* Info.plist */ = {isa = PBXFileReference; lastKnownFileType = text.plist.xml; path = Info.plist; sourceTree = "<group>"; };
		4E8C648026129E35008DB114 /* Cocktail.swift */ = {isa = PBXFileReference; lastKnownFileType = sourcecode.swift; path = Cocktail.swift; sourceTree = "<group>"; };
		4ED7E3DB261CD30600C8C9A3 /* FavoriteButton.swift */ = {isa = PBXFileReference; lastKnownFileType = sourcecode.swift; path = FavoriteButton.swift; sourceTree = "<group>"; };
		4ED7E3E0261CD72B00C8C9A3 /* CocktailRow.swift */ = {isa = PBXFileReference; lastKnownFileType = sourcecode.swift; path = CocktailRow.swift; sourceTree = "<group>"; };
		4EF468E726169135007CCA93 /* CocktailsView.swift */ = {isa = PBXFileReference; lastKnownFileType = sourcecode.swift; path = CocktailsView.swift; sourceTree = "<group>"; };
		4EF468EA26169243007CCA93 /* FavoritesView.swift */ = {isa = PBXFileReference; lastKnownFileType = sourcecode.swift; path = FavoritesView.swift; sourceTree = "<group>"; };
		600B8EEE261E743F0000C9FF /* CocktailDetailsView.swift */ = {isa = PBXFileReference; lastKnownFileType = sourcecode.swift; path = CocktailDetailsView.swift; sourceTree = "<group>"; };
		6041CA77261671010054BA37 /* LaunchScreen.storyboard */ = {isa = PBXFileReference; lastKnownFileType = file.storyboard; path = LaunchScreen.storyboard; sourceTree = "<group>"; };
		608EA6E52620C93700B9DBEB /* CocktailGridItem.swift */ = {isa = PBXFileReference; lastKnownFileType = sourcecode.swift; path = CocktailGridItem.swift; sourceTree = "<group>"; };
/* End PBXFileReference section */

/* Begin PBXFrameworksBuildPhase section */
		4E7833B525FAA329002E0E4E /* Frameworks */ = {
			isa = PBXFrameworksBuildPhase;
			buildActionMask = 2147483647;
			files = (
			);
			runOnlyForDeploymentPostprocessing = 0;
		};
/* End PBXFrameworksBuildPhase section */

/* Begin PBXGroup section */
		4E7833AF25FAA329002E0E4E = {
			isa = PBXGroup;
			children = (
				4E7833BA25FAA329002E0E4E /* Cantina */,
				4E7833B925FAA329002E0E4E /* Products */,
			);
			sourceTree = "<group>";
		};
		4E7833B925FAA329002E0E4E /* Products */ = {
			isa = PBXGroup;
			children = (
				4E7833B825FAA329002E0E4E /* Cantina.app */,
			);
			name = Products;
			sourceTree = "<group>";
		};
		4E7833BA25FAA329002E0E4E /* Cantina */ = {
			isa = PBXGroup;
			children = (
				4E7833BB25FAA329002E0E4E /* CantinaApp.swift */,
				4E7833BD25FAA329002E0E4E /* ContentView.swift */,
				4E8C647E26129E14008DB114 /* Models */,
				4E8C647F26129E24008DB114 /* Views */,
				4E7833BF25FAA32A002E0E4E /* Assets.xcassets */,
				6041CA77261671010054BA37 /* LaunchScreen.storyboard */,
				4E7833C425FAA32A002E0E4E /* Info.plist */,
				4E7833C125FAA32A002E0E4E /* Preview Content */,
			);
			path = Cantina;
			sourceTree = "<group>";
		};
		4E7833C125FAA32A002E0E4E /* Preview Content */ = {
			isa = PBXGroup;
			children = (
				4E7833C225FAA32A002E0E4E /* Preview Assets.xcassets */,
			);
			path = "Preview Content";
			sourceTree = "<group>";
		};
		4E8C647E26129E14008DB114 /* Models */ = {
			isa = PBXGroup;
			children = (
				4E8C648026129E35008DB114 /* Cocktail.swift */,
				4E540A382613CF8A0054CF63 /* ModelData.swift */,
			);
			path = Models;
			sourceTree = "<group>";
		};
		4E8C647F26129E24008DB114 /* Views */ = {
			isa = PBXGroup;
			children = (
				4ED7E3E4261CD73F00C8C9A3 /* Pages */,
				4ED7E3E0261CD72B00C8C9A3 /* CocktailRow.swift */,
				4ED7E3DB261CD30600C8C9A3 /* FavoriteButton.swift */,
				4E540A3B2613FBFD0054CF63 /* ImageView.swift */,
				608EA6E52620C93700B9DBEB /* CocktailGridItem.swift */,
			);
			path = Views;
			sourceTree = "<group>";
		};
		4ED7E3E4261CD73F00C8C9A3 /* Pages */ = {
			isa = PBXGroup;
			children = (
				4EF468E726169135007CCA93 /* CocktailsView.swift */,
				600B8EEE261E743F0000C9FF /* CocktailDetailsView.swift */,
				4EF468EA26169243007CCA93 /* FavoritesView.swift */,
			);
			path = Pages;
			sourceTree = "<group>";
		};
/* End PBXGroup section */

/* Begin PBXNativeTarget section */
		4E7833B725FAA329002E0E4E /* Cantina */ = {
			isa = PBXNativeTarget;
			buildConfigurationList = 4E7833C725FAA32A002E0E4E /* Build configuration list for PBXNativeTarget "Cantina" */;
			buildPhases = (
				4E7833B425FAA329002E0E4E /* Sources */,
				4E7833B525FAA329002E0E4E /* Frameworks */,
				4E7833B625FAA329002E0E4E /* Resources */,
			);
			buildRules = (
			);
			dependencies = (
			);
			name = Cantina;
			productName = Cantina;
			productReference = 4E7833B825FAA329002E0E4E /* Cantina.app */;
			productType = "com.apple.product-type.application";
		};
/* End PBXNativeTarget section */

/* Begin PBXProject section */
		4E7833B025FAA329002E0E4E /* Project object */ = {
			isa = PBXProject;
			attributes = {
				LastSwiftUpdateCheck = 1240;
				LastUpgradeCheck = 1240;
				TargetAttributes = {
					4E7833B725FAA329002E0E4E = {
						CreatedOnToolsVersion = 12.4;
					};
				};
			};
			buildConfigurationList = 4E7833B325FAA329002E0E4E /* Build configuration list for PBXProject "Cantina" */;
			compatibilityVersion = "Xcode 9.3";
			developmentRegion = en;
			hasScannedForEncodings = 0;
			knownRegions = (
				en,
				Base,
			);
			mainGroup = 4E7833AF25FAA329002E0E4E;
			productRefGroup = 4E7833B925FAA329002E0E4E /* Products */;
			projectDirPath = "";
			projectRoot = "";
			targets = (
				4E7833B725FAA329002E0E4E /* Cantina */,
			);
		};
/* End PBXProject section */

/* Begin PBXResourcesBuildPhase section */
		4E7833B625FAA329002E0E4E /* Resources */ = {
			isa = PBXResourcesBuildPhase;
			buildActionMask = 2147483647;
			files = (
				6041CA78261671010054BA37 /* LaunchScreen.storyboard in Resources */,
				4E7833C325FAA32A002E0E4E /* Preview Assets.xcassets in Resources */,
				4E7833C025FAA32A002E0E4E /* Assets.xcassets in Resources */,
			);
			runOnlyForDeploymentPostprocessing = 0;
		};
/* End PBXResourcesBuildPhase section */

/* Begin PBXSourcesBuildPhase section */
		4E7833B425FAA329002E0E4E /* Sources */ = {
			isa = PBXSourcesBuildPhase;
			buildActionMask = 2147483647;
			files = (
				4EF468E826169135007CCA93 /* CocktailsView.swift in Sources */,
				4ED7E3E1261CD72B00C8C9A3 /* CocktailRow.swift in Sources */,
				4E540A3C2613FBFD0054CF63 /* ImageView.swift in Sources */,
				4E7833BE25FAA329002E0E4E /* ContentView.swift in Sources */,
				4ED7E3DC261CD30600C8C9A3 /* FavoriteButton.swift in Sources */,
				4E540A392613CF8A0054CF63 /* ModelData.swift in Sources */,
				4EF468EB26169243007CCA93 /* FavoritesView.swift in Sources */,
				4E7833BC25FAA329002E0E4E /* CantinaApp.swift in Sources */,
				608EA6E62620C93700B9DBEB /* CocktailGridItem.swift in Sources */,
				4E8C648126129E35008DB114 /* Cocktail.swift in Sources */,
				600B8EEF261E743F0000C9FF /* CocktailDetailsView.swift in Sources */,
			);
			runOnlyForDeploymentPostprocessing = 0;
		};
/* End PBXSourcesBuildPhase section */

/* Begin XCBuildConfiguration section */
		4E7833C525FAA32A002E0E4E /* Debug */ = {
			isa = XCBuildConfiguration;
			buildSettings = {
				ALWAYS_SEARCH_USER_PATHS = NO;
				CLANG_ANALYZER_NONNULL = YES;
				CLANG_ANALYZER_NUMBER_OBJECT_CONVERSION = YES_AGGRESSIVE;
				CLANG_CXX_LANGUAGE_STANDARD = "gnu++14";
				CLANG_CXX_LIBRARY = "libc++";
				CLANG_ENABLE_MODULES = YES;
				CLANG_ENABLE_OBJC_ARC = YES;
				CLANG_ENABLE_OBJC_WEAK = YES;
				CLANG_WARN_BLOCK_CAPTURE_AUTORELEASING = YES;
				CLANG_WARN_BOOL_CONVERSION = YES;
				CLANG_WARN_COMMA = YES;
				CLANG_WARN_CONSTANT_CONVERSION = YES;
				CLANG_WARN_DEPRECATED_OBJC_IMPLEMENTATIONS = YES;
				CLANG_WARN_DIRECT_OBJC_ISA_USAGE = YES_ERROR;
				CLANG_WARN_DOCUMENTATION_COMMENTS = YES;
				CLANG_WARN_EMPTY_BODY = YES;
				CLANG_WARN_ENUM_CONVERSION = YES;
				CLANG_WARN_INFINITE_RECURSION = YES;
				CLANG_WARN_INT_CONVERSION = YES;
				CLANG_WARN_NON_LITERAL_NULL_CONVERSION = YES;
				CLANG_WARN_OBJC_IMPLICIT_RETAIN_SELF = YES;
				CLANG_WARN_OBJC_LITERAL_CONVERSION = YES;
				CLANG_WARN_OBJC_ROOT_CLASS = YES_ERROR;
				CLANG_WARN_QUOTED_INCLUDE_IN_FRAMEWORK_HEADER = YES;
				CLANG_WARN_RANGE_LOOP_ANALYSIS = YES;
				CLANG_WARN_STRICT_PROTOTYPES = YES;
				CLANG_WARN_SUSPICIOUS_MOVE = YES;
				CLANG_WARN_UNGUARDED_AVAILABILITY = YES_AGGRESSIVE;
				CLANG_WARN_UNREACHABLE_CODE = YES;
				CLANG_WARN__DUPLICATE_METHOD_MATCH = YES;
				COPY_PHASE_STRIP = NO;
				DEBUG_INFORMATION_FORMAT = dwarf;
				ENABLE_STRICT_OBJC_MSGSEND = YES;
				ENABLE_TESTABILITY = YES;
				GCC_C_LANGUAGE_STANDARD = gnu11;
				GCC_DYNAMIC_NO_PIC = NO;
				GCC_NO_COMMON_BLOCKS = YES;
				GCC_OPTIMIZATION_LEVEL = 0;
				GCC_PREPROCESSOR_DEFINITIONS = (
					"DEBUG=1",
					"$(inherited)",
				);
				GCC_WARN_64_TO_32_BIT_CONVERSION = YES;
				GCC_WARN_ABOUT_RETURN_TYPE = YES_ERROR;
				GCC_WARN_UNDECLARED_SELECTOR = YES;
				GCC_WARN_UNINITIALIZED_AUTOS = YES_AGGRESSIVE;
				GCC_WARN_UNUSED_FUNCTION = YES;
				GCC_WARN_UNUSED_VARIABLE = YES;
				IPHONEOS_DEPLOYMENT_TARGET = 14.4;
				MTL_ENABLE_DEBUG_INFO = INCLUDE_SOURCE;
				MTL_FAST_MATH = YES;
				ONLY_ACTIVE_ARCH = YES;
				SDKROOT = iphoneos;
				SWIFT_ACTIVE_COMPILATION_CONDITIONS = DEBUG;
				SWIFT_OPTIMIZATION_LEVEL = "-Onone";
			};
			name = Debug;
		};
		4E7833C625FAA32A002E0E4E /* Release */ = {
			isa = XCBuildConfiguration;
			buildSettings = {
				ALWAYS_SEARCH_USER_PATHS = NO;
				CLANG_ANALYZER_NONNULL = YES;
				CLANG_ANALYZER_NUMBER_OBJECT_CONVERSION = YES_AGGRESSIVE;
				CLANG_CXX_LANGUAGE_STANDARD = "gnu++14";
				CLANG_CXX_LIBRARY = "libc++";
				CLANG_ENABLE_MODULES = YES;
				CLANG_ENABLE_OBJC_ARC = YES;
				CLANG_ENABLE_OBJC_WEAK = YES;
				CLANG_WARN_BLOCK_CAPTURE_AUTORELEASING = YES;
				CLANG_WARN_BOOL_CONVERSION = YES;
				CLANG_WARN_COMMA = YES;
				CLANG_WARN_CONSTANT_CONVERSION = YES;
				CLANG_WARN_DEPRECATED_OBJC_IMPLEMENTATIONS = YES;
				CLANG_WARN_DIRECT_OBJC_ISA_USAGE = YES_ERROR;
				CLANG_WARN_DOCUMENTATION_COMMENTS = YES;
				CLANG_WARN_EMPTY_BODY = YES;
				CLANG_WARN_ENUM_CONVERSION = YES;
				CLANG_WARN_INFINITE_RECURSION = YES;
				CLANG_WARN_INT_CONVERSION = YES;
				CLANG_WARN_NON_LITERAL_NULL_CONVERSION = YES;
				CLANG_WARN_OBJC_IMPLICIT_RETAIN_SELF = YES;
				CLANG_WARN_OBJC_LITERAL_CONVERSION = YES;
				CLANG_WARN_OBJC_ROOT_CLASS = YES_ERROR;
				CLANG_WARN_QUOTED_INCLUDE_IN_FRAMEWORK_HEADER = YES;
				CLANG_WARN_RANGE_LOOP_ANALYSIS = YES;
				CLANG_WARN_STRICT_PROTOTYPES = YES;
				CLANG_WARN_SUSPICIOUS_MOVE = YES;
				CLANG_WARN_UNGUARDED_AVAILABILITY = YES_AGGRESSIVE;
				CLANG_WARN_UNREACHABLE_CODE = YES;
				CLANG_WARN__DUPLICATE_METHOD_MATCH = YES;
				COPY_PHASE_STRIP = NO;
				DEBUG_INFORMATION_FORMAT = "dwarf-with-dsym";
				ENABLE_NS_ASSERTIONS = NO;
				ENABLE_STRICT_OBJC_MSGSEND = YES;
				GCC_C_LANGUAGE_STANDARD = gnu11;
				GCC_NO_COMMON_BLOCKS = YES;
				GCC_WARN_64_TO_32_BIT_CONVERSION = YES;
				GCC_WARN_ABOUT_RETURN_TYPE = YES_ERROR;
				GCC_WARN_UNDECLARED_SELECTOR = YES;
				GCC_WARN_UNINITIALIZED_AUTOS = YES_AGGRESSIVE;
				GCC_WARN_UNUSED_FUNCTION = YES;
				GCC_WARN_UNUSED_VARIABLE = YES;
				IPHONEOS_DEPLOYMENT_TARGET = 14.4;
				MTL_ENABLE_DEBUG_INFO = NO;
				MTL_FAST_MATH = YES;
				SDKROOT = iphoneos;
				SWIFT_COMPILATION_MODE = wholemodule;
				SWIFT_OPTIMIZATION_LEVEL = "-O";
				VALIDATE_PRODUCT = YES;
			};
			name = Release;
		};
		4E7833C825FAA32A002E0E4E /* Debug */ = {
			isa = XCBuildConfiguration;
			buildSettings = {
				ASSETCATALOG_COMPILER_APPICON_NAME = AppIcon;
				ASSETCATALOG_COMPILER_GLOBAL_ACCENT_COLOR_NAME = AccentColor;
				CODE_SIGN_IDENTITY = "Apple Development";
				CODE_SIGN_STYLE = Automatic;
				DEVELOPMENT_ASSET_PATHS = "\"Cantina/Preview Content\"";
				DEVELOPMENT_TEAM = "";
				ENABLE_PREVIEWS = YES;
				INFOPLIST_FILE = Cantina/Info.plist;
				IPHONEOS_DEPLOYMENT_TARGET = 14.0;
				LD_RUNPATH_SEARCH_PATHS = (
					"$(inherited)",
					"@executable_path/Frameworks",
				);
				PRODUCT_BUNDLE_IDENTIFIER = io.github.CantinaApp.Cantina;
				PRODUCT_NAME = "$(TARGET_NAME)";
				PROVISIONING_PROFILE_SPECIFIER = "";
				SWIFT_VERSION = 5.0;
				TARGETED_DEVICE_FAMILY = "1,2";
			};
			name = Debug;
		};
		4E7833C925FAA32A002E0E4E /* Release */ = {
			isa = XCBuildConfiguration;
			buildSettings = {
				ASSETCATALOG_COMPILER_APPICON_NAME = AppIcon;
				ASSETCATALOG_COMPILER_GLOBAL_ACCENT_COLOR_NAME = AccentColor;
				CODE_SIGN_IDENTITY = "Apple Development";
				CODE_SIGN_STYLE = Automatic;
				DEVELOPMENT_ASSET_PATHS = "\"Cantina/Preview Content\"";
				DEVELOPMENT_TEAM = "";
				ENABLE_PREVIEWS = YES;
				INFOPLIST_FILE = Cantina/Info.plist;
				IPHONEOS_DEPLOYMENT_TARGET = 14.0;
				LD_RUNPATH_SEARCH_PATHS = (
					"$(inherited)",
					"@executable_path/Frameworks",
				);
				PRODUCT_BUNDLE_IDENTIFIER = io.github.CantinaApp.Cantina;
				PRODUCT_NAME = "$(TARGET_NAME)";
				PROVISIONING_PROFILE_SPECIFIER = "";
				SWIFT_VERSION = 5.0;
				TARGETED_DEVICE_FAMILY = "1,2";
			};
			name = Release;
		};
/* End XCBuildConfiguration section */

/* Begin XCConfigurationList section */
		4E7833B325FAA329002E0E4E /* Build configuration list for PBXProject "Cantina" */ = {
			isa = XCConfigurationList;
			buildConfigurations = (
				4E7833C525FAA32A002E0E4E /* Debug */,
				4E7833C625FAA32A002E0E4E /* Release */,
			);
			defaultConfigurationIsVisible = 0;
			defaultConfigurationName = Release;
		};
		4E7833C725FAA32A002E0E4E /* Build configuration list for PBXNativeTarget "Cantina" */ = {
			isa = XCConfigurationList;
			buildConfigurations = (
				4E7833C825FAA32A002E0E4E /* Debug */,
				4E7833C925FAA32A002E0E4E /* Release */,
			);
			defaultConfigurationIsVisible = 0;
			defaultConfigurationName = Release;
		};
/* End XCConfigurationList section */
	};
	rootObject = 4E7833B025FAA329002E0E4E /* Project object */;
}
